// !$*UTF8*$!
{
	archiveVersion = 1;
	classes = {
	};
	objectVersion = 55;
	objects = {

/* Begin PBXBuildFile section */
		171CE069275CF244008F3EEE /* AppCoordinator.swift in Sources */ = {isa = PBXBuildFile; fileRef = 171CE068275CF244008F3EEE /* AppCoordinator.swift */; };
		171CE06D275CF4E4008F3EEE /* YellowViewController.swift in Sources */ = {isa = PBXBuildFile; fileRef = 171CE06C275CF4E4008F3EEE /* YellowViewController.swift */; };
		171CE06F275CF4ED008F3EEE /* OrangeViewController.swift in Sources */ = {isa = PBXBuildFile; fileRef = 171CE06E275CF4ED008F3EEE /* OrangeViewController.swift */; };
		171CE072275CF679008F3EEE /* OrangeCoordinator.swift in Sources */ = {isa = PBXBuildFile; fileRef = 171CE071275CF679008F3EEE /* OrangeCoordinator.swift */; };
		171CE074275CF6EB008F3EEE /* YellowCoordinator.swift in Sources */ = {isa = PBXBuildFile; fileRef = 171CE073275CF6EB008F3EEE /* YellowCoordinator.swift */; };
		17EE16CE275CEF52000EE7D9 /* AppDelegate.swift in Sources */ = {isa = PBXBuildFile; fileRef = 17EE16CD275CEF52000EE7D9 /* AppDelegate.swift */; };
		17EE16D0275CEF52000EE7D9 /* SceneDelegate.swift in Sources */ = {isa = PBXBuildFile; fileRef = 17EE16CF275CEF52000EE7D9 /* SceneDelegate.swift */; };
		17EE16D2275CEF52000EE7D9 /* ViewController.swift in Sources */ = {isa = PBXBuildFile; fileRef = 17EE16D1275CEF52000EE7D9 /* ViewController.swift */; };
		17EE16D7275CEF53000EE7D9 /* Assets.xcassets in Resources */ = {isa = PBXBuildFile; fileRef = 17EE16D6275CEF53000EE7D9 /* Assets.xcassets */; };
		17EE16DA275CEF53000EE7D9 /* LaunchScreen.storyboard in Resources */ = {isa = PBXBuildFile; fileRef = 17EE16D8275CEF53000EE7D9 /* LaunchScreen.storyboard */; };
		17EE16E4275CF13D000EE7D9 /* Coordinator in Frameworks */ = {isa = PBXBuildFile; productRef = 17EE16E3275CF13D000EE7D9 /* Coordinator */; };
/* End PBXBuildFile section */

/* Begin PBXFileReference section */
		171CE068275CF244008F3EEE /* AppCoordinator.swift */ = {isa = PBXFileReference; lastKnownFileType = sourcecode.swift; path = AppCoordinator.swift; sourceTree = "<group>"; };
		171CE06C275CF4E4008F3EEE /* YellowViewController.swift */ = {isa = PBXFileReference; lastKnownFileType = sourcecode.swift; path = YellowViewController.swift; sourceTree = "<group>"; };
		171CE06E275CF4ED008F3EEE /* OrangeViewController.swift */ = {isa = PBXFileReference; lastKnownFileType = sourcecode.swift; path = OrangeViewController.swift; sourceTree = "<group>"; };
		171CE071275CF679008F3EEE /* OrangeCoordinator.swift */ = {isa = PBXFileReference; lastKnownFileType = sourcecode.swift; path = OrangeCoordinator.swift; sourceTree = "<group>"; };
		171CE073275CF6EB008F3EEE /* YellowCoordinator.swift */ = {isa = PBXFileReference; lastKnownFileType = sourcecode.swift; path = YellowCoordinator.swift; sourceTree = "<group>"; };
		17EE16CA275CEF52000EE7D9 /* CoordinatorDemo.app */ = {isa = PBXFileReference; explicitFileType = wrapper.application; includeInIndex = 0; path = CoordinatorDemo.app; sourceTree = BUILT_PRODUCTS_DIR; };
		17EE16CD275CEF52000EE7D9 /* AppDelegate.swift */ = {isa = PBXFileReference; lastKnownFileType = sourcecode.swift; path = AppDelegate.swift; sourceTree = "<group>"; };
		17EE16CF275CEF52000EE7D9 /* SceneDelegate.swift */ = {isa = PBXFileReference; lastKnownFileType = sourcecode.swift; path = SceneDelegate.swift; sourceTree = "<group>"; };
		17EE16D1275CEF52000EE7D9 /* ViewController.swift */ = {isa = PBXFileReference; lastKnownFileType = sourcecode.swift; path = ViewController.swift; sourceTree = "<group>"; };
		17EE16D6275CEF53000EE7D9 /* Assets.xcassets */ = {isa = PBXFileReference; lastKnownFileType = folder.assetcatalog; path = Assets.xcassets; sourceTree = "<group>"; };
		17EE16D9275CEF53000EE7D9 /* Base */ = {isa = PBXFileReference; lastKnownFileType = file.storyboard; name = Base; path = Base.lproj/LaunchScreen.storyboard; sourceTree = "<group>"; };
		17EE16DB275CEF53000EE7D9 /* Info.plist */ = {isa = PBXFileReference; lastKnownFileType = text.plist.xml; path = Info.plist; sourceTree = "<group>"; };
/* End PBXFileReference section */

/* Begin PBXFrameworksBuildPhase section */
		17EE16C7275CEF52000EE7D9 /* Frameworks */ = {
			isa = PBXFrameworksBuildPhase;
			buildActionMask = 2147483647;
			files = (
				17EE16E4275CF13D000EE7D9 /* Coordinator in Frameworks */,
			);
			runOnlyForDeploymentPostprocessing = 0;
		};
/* End PBXFrameworksBuildPhase section */

/* Begin PBXGroup section */
		171CE06A275CF4AA008F3EEE /* YellowScene */ = {
			isa = PBXGroup;
			children = (
				171CE06C275CF4E4008F3EEE /* YellowViewController.swift */,
				171CE073275CF6EB008F3EEE /* YellowCoordinator.swift */,
			);
			path = YellowScene;
			sourceTree = "<group>";
		};
		171CE06B275CF4B9008F3EEE /* OrangeScene */ = {
			isa = PBXGroup;
			children = (
				171CE06E275CF4ED008F3EEE /* OrangeViewController.swift */,
				171CE071275CF679008F3EEE /* OrangeCoordinator.swift */,
			);
			path = OrangeScene;
			sourceTree = "<group>";
		};
		171CE070275CF501008F3EEE /* App */ = {
			isa = PBXGroup;
			children = (
				17EE16CD275CEF52000EE7D9 /* AppDelegate.swift */,
				17EE16CF275CEF52000EE7D9 /* SceneDelegate.swift */,
				17EE16D1275CEF52000EE7D9 /* ViewController.swift */,
				171CE068275CF244008F3EEE /* AppCoordinator.swift */,
			);
			path = App;
			sourceTree = "<group>";
		};
		17EE16C1275CEF52000EE7D9 = {
			isa = PBXGroup;
			children = (
				17EE16CC275CEF52000EE7D9 /* CoordinatorDemo */,
				17EE16CB275CEF52000EE7D9 /* Products */,
			);
			sourceTree = "<group>";
		};
		17EE16CB275CEF52000EE7D9 /* Products */ = {
			isa = PBXGroup;
			children = (
				17EE16CA275CEF52000EE7D9 /* CoordinatorDemo.app */,
			);
			name = Products;
			sourceTree = "<group>";
		};
		17EE16CC275CEF52000EE7D9 /* CoordinatorDemo */ = {
			isa = PBXGroup;
			children = (
				171CE070275CF501008F3EEE /* App */,
				171CE06B275CF4B9008F3EEE /* OrangeScene */,
				171CE06A275CF4AA008F3EEE /* YellowScene */,
				17EE16E1275CEFCC000EE7D9 /* Resources */,
			);
			path = CoordinatorDemo;
			sourceTree = "<group>";
		};
		17EE16E1275CEFCC000EE7D9 /* Resources */ = {
			isa = PBXGroup;
			children = (
				17EE16D6275CEF53000EE7D9 /* Assets.xcassets */,
				17EE16D8275CEF53000EE7D9 /* LaunchScreen.storyboard */,
				17EE16DB275CEF53000EE7D9 /* Info.plist */,
			);
			path = Resources;
			sourceTree = "<group>";
		};
/* End PBXGroup section */

/* Begin PBXNativeTarget section */
		17EE16C9275CEF52000EE7D9 /* CoordinatorDemo */ = {
			isa = PBXNativeTarget;
			buildConfigurationList = 17EE16DE275CEF53000EE7D9 /* Build configuration list for PBXNativeTarget "CoordinatorDemo" */;
			buildPhases = (
				17EE16C6275CEF52000EE7D9 /* Sources */,
				17EE16C7275CEF52000EE7D9 /* Frameworks */,
				17EE16C8275CEF52000EE7D9 /* Resources */,
			);
			buildRules = (
			);
			dependencies = (
			);
			name = CoordinatorDemo;
			packageProductDependencies = (
				17EE16E3275CF13D000EE7D9 /* Coordinator */,
			);
			productName = CoordinatorDemo;
			productReference = 17EE16CA275CEF52000EE7D9 /* CoordinatorDemo.app */;
			productType = "com.apple.product-type.application";
		};
/* End PBXNativeTarget section */

/* Begin PBXProject section */
		17EE16C2275CEF52000EE7D9 /* Project object */ = {
			isa = PBXProject;
			attributes = {
				BuildIndependentTargetsInParallel = 1;
				LastSwiftUpdateCheck = 1310;
				LastUpgradeCheck = 1310;
				TargetAttributes = {
					17EE16C9275CEF52000EE7D9 = {
						CreatedOnToolsVersion = 13.1;
					};
				};
			};
			buildConfigurationList = 17EE16C5275CEF52000EE7D9 /* Build configuration list for PBXProject "CoordinatorDemo" */;
			compatibilityVersion = "Xcode 13.0";
			developmentRegion = en;
			hasScannedForEncodings = 0;
			knownRegions = (
				en,
				Base,
			);
			mainGroup = 17EE16C1275CEF52000EE7D9;
			packageReferences = (
				17EE16E2275CF13D000EE7D9 /* XCRemoteSwiftPackageReference "Coordinator" */,
			);
			productRefGroup = 17EE16CB275CEF52000EE7D9 /* Products */;
			projectDirPath = "";
			projectRoot = "";
			targets = (
				17EE16C9275CEF52000EE7D9 /* CoordinatorDemo */,
			);
		};
/* End PBXProject section */

/* Begin PBXResourcesBuildPhase section */
		17EE16C8275CEF52000EE7D9 /* Resources */ = {
			isa = PBXResourcesBuildPhase;
			buildActionMask = 2147483647;
			files = (
				17EE16DA275CEF53000EE7D9 /* LaunchScreen.storyboard in Resources */,
				17EE16D7275CEF53000EE7D9 /* Assets.xcassets in Resources */,
			);
			runOnlyForDeploymentPostprocessing = 0;
		};
/* End PBXResourcesBuildPhase section */

/* Begin PBXSourcesBuildPhase section */
		17EE16C6275CEF52000EE7D9 /* Sources */ = {
			isa = PBXSourcesBuildPhase;
			buildActionMask = 2147483647;
			files = (
				171CE069275CF244008F3EEE /* AppCoordinator.swift in Sources */,
				17EE16D2275CEF52000EE7D9 /* ViewController.swift in Sources */,
				171CE074275CF6EB008F3EEE /* YellowCoordinator.swift in Sources */,
				171CE06F275CF4ED008F3EEE /* OrangeViewController.swift in Sources */,
				171CE072275CF679008F3EEE /* OrangeCoordinator.swift in Sources */,
				17EE16CE275CEF52000EE7D9 /* AppDelegate.swift in Sources */,
				17EE16D0275CEF52000EE7D9 /* SceneDelegate.swift in Sources */,
				171CE06D275CF4E4008F3EEE /* YellowViewController.swift in Sources */,
			);
			runOnlyForDeploymentPostprocessing = 0;
		};
/* End PBXSourcesBuildPhase section */

/* Begin PBXVariantGroup section */
		17EE16D8275CEF53000EE7D9 /* LaunchScreen.storyboard */ = {
			isa = PBXVariantGroup;
			children = (
				17EE16D9275CEF53000EE7D9 /* Base */,
			);
			name = LaunchScreen.storyboard;
			sourceTree = "<group>";
		};
/* End PBXVariantGroup section */

/* Begin XCBuildConfiguration section */
		17EE16DC275CEF53000EE7D9 /* Debug */ = {
			isa = XCBuildConfiguration;
			buildSettings = {
				ALWAYS_SEARCH_USER_PATHS = NO;
				CLANG_ANALYZER_NONNULL = YES;
				CLANG_ANALYZER_NUMBER_OBJECT_CONVERSION = YES_AGGRESSIVE;
				CLANG_CXX_LANGUAGE_STANDARD = "gnu++17";
				CLANG_CXX_LIBRARY = "libc++";
				CLANG_ENABLE_MODULES = YES;
				CLANG_ENABLE_OBJC_ARC = YES;
				CLANG_ENABLE_OBJC_WEAK = YES;
				CLANG_WARN_BLOCK_CAPTURE_AUTORELEASING = YES;
				CLANG_WARN_BOOL_CONVERSION = YES;
				CLANG_WARN_COMMA = YES;
				CLANG_WARN_CONSTANT_CONVERSION = YES;
				CLANG_WARN_DEPRECATED_OBJC_IMPLEMENTATIONS = YES;
				CLANG_WARN_DIRECT_OBJC_ISA_USAGE = YES_ERROR;
				CLANG_WARN_DOCUMENTATION_COMMENTS = YES;
				CLANG_WARN_EMPTY_BODY = YES;
				CLANG_WARN_ENUM_CONVERSION = YES;
				CLANG_WARN_INFINITE_RECURSION = YES;
				CLANG_WARN_INT_CONVERSION = YES;
				CLANG_WARN_NON_LITERAL_NULL_CONVERSION = YES;
				CLANG_WARN_OBJC_IMPLICIT_RETAIN_SELF = YES;
				CLANG_WARN_OBJC_LITERAL_CONVERSION = YES;
				CLANG_WARN_OBJC_ROOT_CLASS = YES_ERROR;
				CLANG_WARN_QUOTED_INCLUDE_IN_FRAMEWORK_HEADER = YES;
				CLANG_WARN_RANGE_LOOP_ANALYSIS = YES;
				CLANG_WARN_STRICT_PROTOTYPES = YES;
				CLANG_WARN_SUSPICIOUS_MOVE = YES;
				CLANG_WARN_UNGUARDED_AVAILABILITY = YES_AGGRESSIVE;
				CLANG_WARN_UNREACHABLE_CODE = YES;
				CLANG_WARN__DUPLICATE_METHOD_MATCH = YES;
				COPY_PHASE_STRIP = NO;
				DEBUG_INFORMATION_FORMAT = dwarf;
				ENABLE_STRICT_OBJC_MSGSEND = YES;
				ENABLE_TESTABILITY = YES;
				GCC_C_LANGUAGE_STANDARD = gnu11;
				GCC_DYNAMIC_NO_PIC = NO;
				GCC_NO_COMMON_BLOCKS = YES;
				GCC_OPTIMIZATION_LEVEL = 0;
				GCC_PREPROCESSOR_DEFINITIONS = (
					"DEBUG=1",
					"$(inherited)",
				);
				GCC_WARN_64_TO_32_BIT_CONVERSION = YES;
				GCC_WARN_ABOUT_RETURN_TYPE = YES_ERROR;
				GCC_WARN_UNDECLARED_SELECTOR = YES;
				GCC_WARN_UNINITIALIZED_AUTOS = YES_AGGRESSIVE;
				GCC_WARN_UNUSED_FUNCTION = YES;
				GCC_WARN_UNUSED_VARIABLE = YES;
				IPHONEOS_DEPLOYMENT_TARGET = 15.0;
				MTL_ENABLE_DEBUG_INFO = INCLUDE_SOURCE;
				MTL_FAST_MATH = YES;
				ONLY_ACTIVE_ARCH = YES;
				SDKROOT = iphoneos;
				SWIFT_ACTIVE_COMPILATION_CONDITIONS = DEBUG;
				SWIFT_OPTIMIZATION_LEVEL = "-Onone";
			};
			name = Debug;
		};
		17EE16DD275CEF53000EE7D9 /* Release */ = {
			isa = XCBuildConfiguration;
			buildSettings = {
				ALWAYS_SEARCH_USER_PATHS = NO;
				CLANG_ANALYZER_NONNULL = YES;
				CLANG_ANALYZER_NUMBER_OBJECT_CONVERSION = YES_AGGRESSIVE;
				CLANG_CXX_LANGUAGE_STANDARD = "gnu++17";
				CLANG_CXX_LIBRARY = "libc++";
				CLANG_ENABLE_MODULES = YES;
				CLANG_ENABLE_OBJC_ARC = YES;
				CLANG_ENABLE_OBJC_WEAK = YES;
				CLANG_WARN_BLOCK_CAPTURE_AUTORELEASING = YES;
				CLANG_WARN_BOOL_CONVERSION = YES;
				CLANG_WARN_COMMA = YES;
				CLANG_WARN_CONSTANT_CONVERSION = YES;
				CLANG_WARN_DEPRECATED_OBJC_IMPLEMENTATIONS = YES;
				CLANG_WARN_DIRECT_OBJC_ISA_USAGE = YES_ERROR;
				CLANG_WARN_DOCUMENTATION_COMMENTS = YES;
				CLANG_WARN_EMPTY_BODY = YES;
				CLANG_WARN_ENUM_CONVERSION = YES;
				CLANG_WARN_INFINITE_RECURSION = YES;
				CLANG_WARN_INT_CONVERSION = YES;
				CLANG_WARN_NON_LITERAL_NULL_CONVERSION = YES;
				CLANG_WARN_OBJC_IMPLICIT_RETAIN_SELF = YES;
				CLANG_WARN_OBJC_LITERAL_CONVERSION = YES;
				CLANG_WARN_OBJC_ROOT_CLASS = YES_ERROR;
				CLANG_WARN_QUOTED_INCLUDE_IN_FRAMEWORK_HEADER = YES;
				CLANG_WARN_RANGE_LOOP_ANALYSIS = YES;
				CLANG_WARN_STRICT_PROTOTYPES = YES;
				CLANG_WARN_SUSPICIOUS_MOVE = YES;
				CLANG_WARN_UNGUARDED_AVAILABILITY = YES_AGGRESSIVE;
				CLANG_WARN_UNREACHABLE_CODE = YES;
				CLANG_WARN__DUPLICATE_METHOD_MATCH = YES;
				COPY_PHASE_STRIP = NO;
				DEBUG_INFORMATION_FORMAT = "dwarf-with-dsym";
				ENABLE_NS_ASSERTIONS = NO;
				ENABLE_STRICT_OBJC_MSGSEND = YES;
				GCC_C_LANGUAGE_STANDARD = gnu11;
				GCC_NO_COMMON_BLOCKS = YES;
				GCC_WARN_64_TO_32_BIT_CONVERSION = YES;
				GCC_WARN_ABOUT_RETURN_TYPE = YES_ERROR;
				GCC_WARN_UNDECLARED_SELECTOR = YES;
				GCC_WARN_UNINITIALIZED_AUTOS = YES_AGGRESSIVE;
				GCC_WARN_UNUSED_FUNCTION = YES;
				GCC_WARN_UNUSED_VARIABLE = YES;
				IPHONEOS_DEPLOYMENT_TARGET = 15.0;
				MTL_ENABLE_DEBUG_INFO = NO;
				MTL_FAST_MATH = YES;
				SDKROOT = iphoneos;
				SWIFT_COMPILATION_MODE = wholemodule;
				SWIFT_OPTIMIZATION_LEVEL = "-O";
				VALIDATE_PRODUCT = YES;
			};
			name = Release;
		};
		17EE16DF275CEF53000EE7D9 /* Debug */ = {
			isa = XCBuildConfiguration;
			buildSettings = {
				ASSETCATALOG_COMPILER_APPICON_NAME = AppIcon;
				ASSETCATALOG_COMPILER_GLOBAL_ACCENT_COLOR_NAME = AccentColor;
				CODE_SIGN_STYLE = Automatic;
				CURRENT_PROJECT_VERSION = 1;
				DEVELOPMENT_TEAM = KTBP8L7XKF;
				GENERATE_INFOPLIST_FILE = YES;
				INFOPLIST_FILE = CoordinatorDemo/Resources/Info.plist;
				INFOPLIST_KEY_UIApplicationSupportsIndirectInputEvents = YES;
				INFOPLIST_KEY_UILaunchStoryboardName = LaunchScreen;
				INFOPLIST_KEY_UISupportedInterfaceOrientations_iPad = "UIInterfaceOrientationPortrait UIInterfaceOrientationPortraitUpsideDown UIInterfaceOrientationLandscapeLeft UIInterfaceOrientationLandscapeRight";
				INFOPLIST_KEY_UISupportedInterfaceOrientations_iPhone = "UIInterfaceOrientationPortrait UIInterfaceOrientationLandscapeLeft UIInterfaceOrientationLandscapeRight";
				LD_RUNPATH_SEARCH_PATHS = (
					"$(inherited)",
					"@executable_path/Frameworks",
				);
				MARKETING_VERSION = 1.0;
				PRODUCT_BUNDLE_IDENTIFIER = com.tuantudo.CoordinatorDemo;
				PRODUCT_NAME = "$(TARGET_NAME)";
				SWIFT_EMIT_LOC_STRINGS = YES;
				SWIFT_VERSION = 5.0;
				TARGETED_DEVICE_FAMILY = "1,2";
			};
			name = Debug;
		};
		17EE16E0275CEF53000EE7D9 /* Release */ = {
			isa = XCBuildConfiguration;
			buildSettings = {
				ASSETCATALOG_COMPILER_APPICON_NAME = AppIcon;
				ASSETCATALOG_COMPILER_GLOBAL_ACCENT_COLOR_NAME = AccentColor;
				CODE_SIGN_STYLE = Automatic;
				CURRENT_PROJECT_VERSION = 1;
				DEVELOPMENT_TEAM = KTBP8L7XKF;
				GENERATE_INFOPLIST_FILE = YES;
				INFOPLIST_FILE = CoordinatorDemo/Resources/Info.plist;
				INFOPLIST_KEY_UIApplicationSupportsIndirectInputEvents = YES;
				INFOPLIST_KEY_UILaunchStoryboardName = LaunchScreen;
				INFOPLIST_KEY_UISupportedInterfaceOrientations_iPad = "UIInterfaceOrientationPortrait UIInterfaceOrientationPortraitUpsideDown UIInterfaceOrientationLandscapeLeft UIInterfaceOrientationLandscapeRight";
				INFOPLIST_KEY_UISupportedInterfaceOrientations_iPhone = "UIInterfaceOrientationPortrait UIInterfaceOrientationLandscapeLeft UIInterfaceOrientationLandscapeRight";
				LD_RUNPATH_SEARCH_PATHS = (
					"$(inherited)",
					"@executable_path/Frameworks",
				);
				MARKETING_VERSION = 1.0;
				PRODUCT_BUNDLE_IDENTIFIER = com.tuantudo.CoordinatorDemo;
				PRODUCT_NAME = "$(TARGET_NAME)";
				SWIFT_EMIT_LOC_STRINGS = YES;
				SWIFT_VERSION = 5.0;
				TARGETED_DEVICE_FAMILY = "1,2";
			};
			name = Release;
		};
/* End XCBuildConfiguration section */

/* Begin XCConfigurationList section */
		17EE16C5275CEF52000EE7D9 /* Build configuration list for PBXProject "CoordinatorDemo" */ = {
			isa = XCConfigurationList;
			buildConfigurations = (
				17EE16DC275CEF53000EE7D9 /* Debug */,
				17EE16DD275CEF53000EE7D9 /* Release */,
			);
			defaultConfigurationIsVisible = 0;
			defaultConfigurationName = Release;
		};
		17EE16DE275CEF53000EE7D9 /* Build configuration list for PBXNativeTarget "CoordinatorDemo" */ = {
			isa = XCConfigurationList;
			buildConfigurations = (
				17EE16DF275CEF53000EE7D9 /* Debug */,
				17EE16E0275CEF53000EE7D9 /* Release */,
			);
			defaultConfigurationIsVisible = 0;
			defaultConfigurationName = Release;
		};
/* End XCConfigurationList section */

/* Begin XCRemoteSwiftPackageReference section */
		17EE16E2275CF13D000EE7D9 /* XCRemoteSwiftPackageReference "Coordinator" */ = {
			isa = XCRemoteSwiftPackageReference;
			repositoryURL = "https://github.com/tuanthatsmyname/Coordinator";
			requirement = {
				branch = main;
				kind = branch;
			};
		};
/* End XCRemoteSwiftPackageReference section */

/* Begin XCSwiftPackageProductDependency section */
		17EE16E3275CF13D000EE7D9 /* Coordinator */ = {
			isa = XCSwiftPackageProductDependency;
			package = 17EE16E2275CF13D000EE7D9 /* XCRemoteSwiftPackageReference "Coordinator" */;
			productName = Coordinator;
		};
/* End XCSwiftPackageProductDependency section */
	};
	rootObject = 17EE16C2275CEF52000EE7D9 /* Project object */;
}
